{
  "version": 2,
  "dependencies": {
    "net10.0": {
      "Microsoft.EntityFrameworkCore.Abstractions": {
        "type": "Transitive",
        "resolved": "9.0.20",
        "contentHash": "ity/Y3MG2hAxK/na+9vp0XQ6kDDwZ8thJfCl+MSBhRNyXgaBtb16SyX2W0uFL44k6BHDmohybJQSRXnjkI4jtA=="
      },
      "Microsoft.EntityFrameworkCore.Analyzers": {
        "type": "Transitive",
        "resolved": "9.0.20",
        "contentHash": "WCNEWRZGuYycp0vU9aAfEKGZOr7hGrJP4SpJkl2KzXzKqH9UY/2h6j2L3JYa/AZbKD7EffQGk09NmyEcml/OwQ=="
      },
      "Microsoft.Extensions.Caching.Abstractions": {
        "type": "Transitive",
        "resolved": "9.0.20",
        "contentHash": "OsNAsYqXXI6RlPKnQGqyxYkgtnPJ9gTv+rHjE1FqfyGgKAdZ7kQqR0IXNTYLDNfcWr024ZDw+wKvoljr2KVnwg==",
        "dependencies": {
          "Microsoft.Extensions.Primitives": "9.0.20"
        }
      },
      "Microsoft.Extensions.Caching.Memory": {
        "type": "Transitive",
        "resolved": "9.0.20",
        "contentHash": "/bUrdA5TTk17H36s1qBl5eBK1ZtVYkVw27rOpGU7tnSa/yzXG/VSacs6jvBhy4oypO7qo6PTzBqer+0VfJ9XJw==",
        "dependencies": {
          "Microsoft.Extensions.Caching.Abstractions": "9.0.20",
          "Microsoft.Extensions.DependencyInjection.Abstractions": "9.0.20",
          "Microsoft.Extensions.Logging.Abstractions": "9.0.20",
          "Microsoft.Extensions.Options": "9.0.20",
          "Microsoft.Extensions.Primitives": "9.0.20"
        }
      },
      "Microsoft.Extensions.Configuration.Abstractions": {
        "type": "Transitive",
        "resolved": "9.0.20",
        "contentHash": "wNR2jEXCTwMKXKi/iWvi3PfRaxtU2j3VmzYHsbVhllQTKRpr1HmHewdwkLhlYk/VatbqDmprW1+tN2O/BA5OKA==",
        "dependencies": {
          "Microsoft.Extensions.Primitives": "9.0.20"
        }
      },
      "Microsoft.Extensions.DependencyInjection": {
        "type": "Transitive",
        "resolved": "9.0.20",
        "contentHash": "SnnIHEHfbYGvd91ZNvYeJcQVSaICdSQWXficKuBkT0Jzfx34XsqZ9aHj0y/7a/eZWY05B3SI0dQA/gKfIVZgWw==",
        "dependencies": {
          "Microsoft.Extensions.DependencyInjection.Abstractions": "9.0.20"
        }
      },
      "Microsoft.Extensions.DependencyInjection.Abstractions": {
        "type": "Transitive",
        "resolved": "9.0.20",
        "contentHash": "EsRc4piTdI3Ti5+cZwdpxn+mHwDCqT+b9ecmgYTTttpHFkYDyc4CenRNC9LrU0A+lTYsbQE8EvWC6sNp1Op0YA=="
      },
      "Microsoft.Extensions.Logging": {
        "type": "Transitive",
        "resolved": "9.0.20",
        "contentHash": "EJXNsngA3CycEVzMwZXkjAMMF4mlh3T8M9UyyJXFjPNSpNtdeKsSWzXtFG2qyC9JIGWFd5r2XlgBXtOCw2JYzQ==",
        "dependencies": {
          "Microsoft.Extensions.DependencyInjection": "9.0.20",
          "Microsoft.Extensions.Logging.Abstractions": "9.0.20",
          "Microsoft.Extensions.Options": "9.0.20"
        }
      },
      "Microsoft.Extensions.Logging.Abstractions": {
        "type": "Transitive",
        "resolved": "9.0.20",
        "contentHash": "ZTbbB2mz0MxOMVQF7/yKhRD9ok6QR5Kq+Ifsk7XfdGC3zJTfMeJZeKR8/DfnlyvrlQnaWEmMkrnM8d1sBs3afA==",
        "dependencies": {
          "Microsoft.Extensions.DependencyInjection.Abstractions": "9.0.20"
        }
      },
      "Microsoft.Extensions.Options": {
        "type": "Transitive",
        "resolved": "9.0.20",
        "contentHash": "dX5P4j3++0g0iSlV+NhhPuCI/2moNbWvYEb8ZWlO84GEX1fbEg+hygNlHtw7SKHWaTe176ZrmvFsfhIMjB+AUQ==",
        "dependencies": {
          "Microsoft.Extensions.DependencyInjection.Abstractions": "9.0.20",
          "Microsoft.Extensions.Primitives": "9.0.20"
        }
      },
      "Microsoft.Extensions.Primitives": {
        "type": "Transitive",
        "resolved": "9.0.20",
        "contentHash": "F9PkV2d5cHwibxxgklXhXtvVgZlPCJ0rkuY+jpa34o3vdUr0DcGX7XQkZouWuoDSZoYF0gUydM778d0wNpwB+Q=="
      },
      "openconquer.application": {
        "type": "Project",
        "dependencies": {
          "OpenConquer.Domain": "[1.0.0, )"
        }
      },
      "openconquer.assets": {
        "type": "Project"
      },
      "openconquer.domain": {
        "type": "Project"
      },
      "openconquer.infrastructure": {
        "type": "Project",
        "dependencies": {
          "Microsoft.EntityFrameworkCore": "[9.0.20, )",
          "Microsoft.EntityFrameworkCore.Relational": "[9.0.20, )",
          "MySqlConnector": "[2.6.2, )",
          "OpenConquer.Application": "[1.0.0, )",
          "OpenConquer.Domain": "[1.0.0, )",
          "Pomelo.EntityFrameworkCore.MySql": "[9.0.0, )"
        }
      },
      "openconquer.protocol": {
        "type": "Project",
        "dependencies": {
          "BouncyCastle.Cryptography": "[2.7.0, )"
        }
      },
      "openconquer.transport": {
        "type": "Project"
      },
      "BouncyCastle.Cryptography": {
        "type": "CentralTransitive",
        "requested": "[2.7.0, )",
        "resolved": "2.7.0",
        "contentHash": "U+12df8UEWHgBi04YVf/Lgi2dy3SItlIYvHjjEVa/BngCQIzDCDRBk50DDByCfDvSbe5pRNFr3b7UrVK2kMcLw=="
      },
      "Microsoft.EntityFrameworkCore": {
        "type": "CentralTransitive",
        "requested": "[9.0.20, )",
        "resolved": "9.0.20",
        "contentHash": "52/3+48fTVcVQopie1SZLLenAuyrG0Enr1eAEbw05b22dl6nbC8V0UHLFknodJOrVcqdYR1Pf6FMbNvvWuhB5A==",
        "dependencies": {
          "Microsoft.EntityFrameworkCore.Abstractions": "9.0.20",
          "Microsoft.EntityFrameworkCore.Analyzers": "9.0.20",
          "Microsoft.Extensions.Caching.Memory": "9.0.20",
          "Microsoft.Extensions.Logging": "9.0.20"
        }
      },
      "Microsoft.EntityFrameworkCore.Relational": {
        "type": "CentralTransitive",
        "requested": "[9.0.20, )",
        "resolved": "9.0.20",
        "contentHash": "84oLYJjAA8hSrwPfkq0cm9dBdf3uFbBwqJVYjmS4zEoKJ87cj/Knyp1iYAHe95ToJHeo8APAPG0OlA6S4GUUlw==",
        "dependencies": {
          "Microsoft.EntityFrameworkCore": "9.0.20",
          "Microsoft.Extensions.Caching.Memory": "9.0.20",
          "Microsoft.Extensions.Configuration.Abstractions": "9.0.20",
          "Microsoft.Extensions.Logging": "9.0.20"
        }
      },
      "MySqlConnector": {
        "type": "CentralTransitive",
        "requested": "[2.6.2, )",
        "resolved": "2.6.2",
        "contentHash": "dlTc/tsBa42szdvpj4nrHvQVUb0gsMwR9HT6J0Zz2OSqfP0CdYlGw+qQPqCpbnO97idfvclSjKYtM6y5QaBQaQ==",
        "dependencies": {
          "Microsoft.Extensions.DependencyInjection.Abstractions": "8.0.2",
          "Microsoft.Extensions.Logging.Abstractions": "8.0.2"
        }
      },
      "Pomelo.EntityFrameworkCore.MySql": {
        "type": "CentralTransitive",
        "requested": "[9.0.0, )",
        "resolved": "9.0.0",
        "contentHash": "cl7S4s6CbJno0LjNxrBHNc2xxmCliR5i40ATPZk/eTywVaAbHCbdc9vbGc3QThvwGjHqrDHT8vY9m1VF/47o0g==",
        "dependencies": {
          "Microsoft.EntityFrameworkCore.Relational": "[9.0.0, 9.0.999]",
          "MySqlConnector": "2.4.0"
        }
      }
    }
  }
}