<Solution>
  <Folder Name="/src/">
    <Project Path="src/OpenConquer.AccountServer/OpenConquer.AccountServer.csproj" />
    <Project Path="src/OpenConquer.Application/OpenConquer.Application.csproj" />
    <Project Path="src/OpenConquer.Assets/OpenConquer.Assets.csproj" />
    <Project Path="src/OpenConquer.Domain/OpenConquer.Domain.csproj" />
    <Project Path="src/OpenConquer.GameServer/OpenConquer.GameServer.csproj" />
    <Project Path="src/OpenConquer.Infrastructure/OpenConquer.Infrastructure.csproj" />
    <Project Path="src/OpenConquer.Protocol/OpenConquer.Protocol.csproj" />
    <Project Path="src/OpenConquer.Transport/OpenConquer.Transport.csproj" />
  </Folder>
  <Folder Name="/tests/">
    <Project Path="tests/OpenConquer.AccountServer.Tests/OpenConquer.AccountServer.Tests.csproj" />
    <Project Path="tests/OpenConquer.Application.Tests/OpenConquer.Application.Tests.csproj" />
    <Project Path="tests/OpenConquer.Infrastructure.Tests/OpenConquer.Infrastructure.Tests.csproj" />
    <Project Path="tests/OpenConquer.Protocol.Tests/OpenConquer.Protocol.Tests.csproj" />
    <Project Path="tests/OpenConquer.Transport.Tests/OpenConquer.Transport.Tests.csproj" />
  </Folder>
</Solution>
